
Microsoft Visual Studio Solution File, Format Version 12.00
# Visual Studio Version 17
VisualStudioVersion = 17.4.33213.308
MinimumVisualStudioVersion = 10.0.40219.1
Project("{FAE04EC0-301F-11D3-BF4B-00C04F79EFBC}") = "SeachActiveApp", "SeachActiveApp\SeachActiveApp.csproj", "{2EB371AB-2396-4CB7-9C07-852DBD5BAB18}"
EndProject
Project("{9A19103F-16F7-4668-BE54-9A1E7A4F7556}") = "AppToAppClient", "AppToAppClient\AppToAppClient.csproj", "{CF2FC22F-0390-4972-9752-847064B2B166}"
EndProject
Project("{FAE04EC0-301F-11D3-BF4B-00C04F79EFBC}") = "SeachActiveAppSCR", "SeachActiveAppSCR\SeachActiveAppSCR.csproj", "{5B45C74A-0545-4700-BE92-D41B8FABC127}"
EndProject
Project("{2150E333-8FDC-42A3-9474-1A3956D46DE8}") = "Элементы решения", "Элементы решения", "{7C3D5F00-F3AE-4D6C-BC76-F35F8479EEA5}"
	ProjectSection(SolutionItems) = preProject
		clMyLiben.cs = clMyLiben.cs
		Описание, предложение.txt = Описание, предложение.txt
	EndProjectSection
EndProject
Global
	GlobalSection(SolutionConfigurationPlatforms) = preSolution
		Debug|Any CPU = Debug|Any CPU
		Release|Any CPU = Release|Any CPU
	EndGlobalSection
	GlobalSection(ProjectConfigurationPlatforms) = postSolution
		{2EB371AB-2396-4CB7-9C07-852DBD5BAB18}.Debug|Any CPU.ActiveCfg = Debug|Any CPU
		{2EB371AB-2396-4CB7-9C07-852DBD5BAB18}.Debug|Any CPU.Build.0 = Debug|Any CPU
		{2EB371AB-2396-4CB7-9C07-852DBD5BAB18}.Release|Any CPU.ActiveCfg = Release|Any CPU
		{2EB371AB-2396-4CB7-9C07-852DBD5BAB18}.Release|Any CPU.Build.0 = Release|Any CPU
		{CF2FC22F-0390-4972-9752-847064B2B166}.Debug|Any CPU.ActiveCfg = Debug|Any CPU
		{CF2FC22F-0390-4972-9752-847064B2B166}.Debug|Any CPU.Build.0 = Debug|Any CPU
		{CF2FC22F-0390-4972-9752-847064B2B166}.Release|Any CPU.ActiveCfg = Release|Any CPU
		{CF2FC22F-0390-4972-9752-847064B2B166}.Release|Any CPU.Build.0 = Release|Any CPU
		{5B45C74A-0545-4700-BE92-D41B8FABC127}.Debug|Any CPU.ActiveCfg = Debug|Any CPU
		{5B45C74A-0545-4700-BE92-D41B8FABC127}.Debug|Any CPU.Build.0 = Debug|Any CPU
		{5B45C74A-0545-4700-BE92-D41B8FABC127}.Release|Any CPU.ActiveCfg = Release|Any CPU
		{5B45C74A-0545-4700-BE92-D41B8FABC127}.Release|Any CPU.Build.0 = Release|Any CPU
	EndGlobalSection
	GlobalSection(SolutionProperties) = preSolution
		HideSolutionNode = FALSE
	EndGlobalSection
	GlobalSection(ExtensibilityGlobals) = postSolution
		SolutionGuid = {AAB4C021-1198-4745-9E99-27CDE17312A0}
	EndGlobalSection
EndGlobal
