
Microsoft Visual Studio Solution File, Format Version 12.00
# Visual Studio 15
VisualStudioVersion = 15.0.28307.645
MinimumVisualStudioVersion = 10.0.40219.1
Project("{FAE04EC0-301F-11D3-BF4B-00C04F79EFBC}") = "SeachActiveApps", "SeachActiveApps\SeachActiveApps.csproj", "{883B7B71-DE39-4575-B6F7-518BCA2F446A}"
EndProject
Project("{FAE04EC0-301F-11D3-BF4B-00C04F79EFBC}") = "ActiveApp1m", "ActiveApp1m\ActiveApp1m.csproj", "{373B4CBF-DD6D-478E-B94E-DA119AB7F39C}"
EndProject
Global
	GlobalSection(SolutionConfigurationPlatforms) = preSolution
		Debug|Any CPU = Debug|Any CPU
		Release|Any CPU = Release|Any CPU
	EndGlobalSection
	GlobalSection(ProjectConfigurationPlatforms) = postSolution
		{883B7B71-DE39-4575-B6F7-518BCA2F446A}.Debug|Any CPU.ActiveCfg = Debug|Any CPU
		{883B7B71-DE39-4575-B6F7-518BCA2F446A}.Debug|Any CPU.Build.0 = Debug|Any CPU
		{883B7B71-DE39-4575-B6F7-518BCA2F446A}.Release|Any CPU.ActiveCfg = Release|Any CPU
		{883B7B71-DE39-4575-B6F7-518BCA2F446A}.Release|Any CPU.Build.0 = Release|Any CPU
		{373B4CBF-DD6D-478E-B94E-DA119AB7F39C}.Debug|Any CPU.ActiveCfg = Debug|Any CPU
		{373B4CBF-DD6D-478E-B94E-DA119AB7F39C}.Debug|Any CPU.Build.0 = Debug|Any CPU
		{373B4CBF-DD6D-478E-B94E-DA119AB7F39C}.Release|Any CPU.ActiveCfg = Release|Any CPU
		{373B4CBF-DD6D-478E-B94E-DA119AB7F39C}.Release|Any CPU.Build.0 = Release|Any CPU
	EndGlobalSection
	GlobalSection(SolutionProperties) = preSolution
		HideSolutionNode = FALSE
	EndGlobalSection
	GlobalSection(ExtensibilityGlobals) = postSolution
		SolutionGuid = {AAB4C021-1198-4745-9E99-27CDE17312A0}
	EndGlobalSection
EndGlobal
